
Microsoft Visual Studio Solution File, Format Version 12.00
# Visual Studio Version 16
VisualStudioVersion = 16.0.31613.86
MinimumVisualStudioVersion = 10.0.40219.1
Project("{FAE04EC0-301F-11D3-BF4B-00C04F79EFBC}") = "BusinessLayer", "BusinessLayer\BusinessLayer.csproj", "{1EFB1D0C-EFF8-4D40-8809-F195A559407D}"
EndProject
Global
	GlobalSection(SolutionConfigurationPlatforms) = preSolution
		Debug|Any CPU = Debug|Any CPU
		Release|Any CPU = Release|Any CPU
	EndGlobalSection
	GlobalSection(ProjectConfigurationPlatforms) = postSolution
		{1EFB1D0C-EFF8-4D40-8809-F195A559407D}.Debug|Any CPU.ActiveCfg = Debug|Any CPU
		{1EFB1D0C-EFF8-4D40-8809-F195A559407D}.Debug|Any CPU.Build.0 = Debug|Any CPU
		{1EFB1D0C-EFF8-4D40-8809-F195A559407D}.Release|Any CPU.ActiveCfg = Release|Any CPU
		{1EFB1D0C-EFF8-4D40-8809-F195A559407D}.Release|Any CPU.Build.0 = Release|Any CPU
	EndGlobalSection
	GlobalSection(SolutionProperties) = preSolution
		HideSolutionNode = FALSE
	EndGlobalSection
	GlobalSection(ExtensibilityGlobals) = postSolution
		SolutionGuid = {503B68D6-BD0A-4213-A285-D2A4D71E42AF}
	EndGlobalSection
EndGlobal
