
Microsoft Visual Studio Solution File, Format Version 12.00
# Visual Studio Version 16
VisualStudioVersion = 16.0.31613.86
MinimumVisualStudioVersion = 10.0.40219.1
Project("{9A19103F-16F7-4668-BE54-9A1E7A4F7556}") = "BusinessLayer", "BusinessLayer\BusinessLayer.csproj", "{1EFB1D0C-EFF8-4D40-8809-F195A559407D}"
	ProjectSection(ProjectDependencies) = postProject
		{9130E908-3DA1-4546-92AA-C5D7E2EEC241} = {9130E908-3DA1-4546-92AA-C5D7E2EEC241}
		{2F57DB2B-E17E-4994-8089-6386649694B4} = {2F57DB2B-E17E-4994-8089-6386649694B4}
	EndProjectSection
EndProject
Project("{9A19103F-16F7-4668-BE54-9A1E7A4F7556}") = "StorageLayer", "StorageLayer\StorageLayer.csproj", "{9130E908-3DA1-4546-92AA-C5D7E2EEC241}"
EndProject
Project("{9A19103F-16F7-4668-BE54-9A1E7A4F7556}") = "ModelsLayer", "ModelsLayer\ModelsLayer.csproj", "{2F57DB2B-E17E-4994-8089-6386649694B4}"
EndProject
Project("{9A19103F-16F7-4668-BE54-9A1E7A4F7556}") = "Tests", "Tests\Tests.csproj", "{E4B6EBFD-AC90-4CC8-B81F-41258F99644D}"
EndProject
Project("{FAE04EC0-301F-11D3-BF4B-00C04F79EFBC}") = "Client", "Client\Client.csproj", "{40C0BF32-7B7E-440A-B292-F86CCAEA0C9A}"
EndProject
Project("{FAE04EC0-301F-11D3-BF4B-00C04F79EFBC}") = "DatabaseLayer", "DatabaseLayer\DatabaseLayer.csproj", "{ECB23F2F-FA9B-42AA-BAC3-70FEDB5C7D3E}"
EndProject
Global
	GlobalSection(SolutionConfigurationPlatforms) = preSolution
		Debug|Any CPU = Debug|Any CPU
		Release|Any CPU = Release|Any CPU
	EndGlobalSection
	GlobalSection(ProjectConfigurationPlatforms) = postSolution
		{1EFB1D0C-EFF8-4D40-8809-F195A559407D}.Debug|Any CPU.ActiveCfg = Debug|Any CPU
		{1EFB1D0C-EFF8-4D40-8809-F195A559407D}.Debug|Any CPU.Build.0 = Debug|Any CPU
		{1EFB1D0C-EFF8-4D40-8809-F195A559407D}.Release|Any CPU.ActiveCfg = Release|Any CPU
		{1EFB1D0C-EFF8-4D40-8809-F195A559407D}.Release|Any CPU.Build.0 = Release|Any CPU
		{9130E908-3DA1-4546-92AA-C5D7E2EEC241}.Debug|Any CPU.ActiveCfg = Debug|Any CPU
		{9130E908-3DA1-4546-92AA-C5D7E2EEC241}.Debug|Any CPU.Build.0 = Debug|Any CPU
		{9130E908-3DA1-4546-92AA-C5D7E2EEC241}.Release|Any CPU.ActiveCfg = Release|Any CPU
		{9130E908-3DA1-4546-92AA-C5D7E2EEC241}.Release|Any CPU.Build.0 = Release|Any CPU
		{2F57DB2B-E17E-4994-8089-6386649694B4}.Debug|Any CPU.ActiveCfg = Debug|Any CPU
		{2F57DB2B-E17E-4994-8089-6386649694B4}.Debug|Any CPU.Build.0 = Debug|Any CPU
		{2F57DB2B-E17E-4994-8089-6386649694B4}.Release|Any CPU.ActiveCfg = Release|Any CPU
		{2F57DB2B-E17E-4994-8089-6386649694B4}.Release|Any CPU.Build.0 = Release|Any CPU
		{E4B6EBFD-AC90-4CC8-B81F-41258F99644D}.Debug|Any CPU.ActiveCfg = Debug|Any CPU
		{E4B6EBFD-AC90-4CC8-B81F-41258F99644D}.Debug|Any CPU.Build.0 = Debug|Any CPU
		{E4B6EBFD-AC90-4CC8-B81F-41258F99644D}.Release|Any CPU.ActiveCfg = Release|Any CPU
		{E4B6EBFD-AC90-4CC8-B81F-41258F99644D}.Release|Any CPU.Build.0 = Release|Any CPU
		{40C0BF32-7B7E-440A-B292-F86CCAEA0C9A}.Debug|Any CPU.ActiveCfg = Debug|Any CPU
		{40C0BF32-7B7E-440A-B292-F86CCAEA0C9A}.Debug|Any CPU.Build.0 = Debug|Any CPU
		{40C0BF32-7B7E-440A-B292-F86CCAEA0C9A}.Release|Any CPU.ActiveCfg = Release|Any CPU
		{40C0BF32-7B7E-440A-B292-F86CCAEA0C9A}.Release|Any CPU.Build.0 = Release|Any CPU
		{ECB23F2F-FA9B-42AA-BAC3-70FEDB5C7D3E}.Debug|Any CPU.ActiveCfg = Debug|Any CPU
		{ECB23F2F-FA9B-42AA-BAC3-70FEDB5C7D3E}.Debug|Any CPU.Build.0 = Debug|Any CPU
		{ECB23F2F-FA9B-42AA-BAC3-70FEDB5C7D3E}.Release|Any CPU.ActiveCfg = Release|Any CPU
		{ECB23F2F-FA9B-42AA-BAC3-70FEDB5C7D3E}.Release|Any CPU.Build.0 = Release|Any CPU
	EndGlobalSection
	GlobalSection(SolutionProperties) = preSolution
		HideSolutionNode = FALSE
	EndGlobalSection
	GlobalSection(ExtensibilityGlobals) = postSolution
		SolutionGuid = {503B68D6-BD0A-4213-A285-D2A4D71E42AF}
	EndGlobalSection
EndGlobal
